// !$*UTF8*$!
{
	archiveVersion = 1;
	classes = {
	};
	objectVersion = 46;
	objects = {

/* Begin PBXBuildFile section */
		C419EA461DE95B640085A8C1 /* main.m in Sources */ = {isa = PBXBuildFile; fileRef = C419EA451DE95B640085A8C1 /* main.m */; };
		C419EA491DE95B640085A8C1 /* AppDelegate.m in Sources */ = {isa = PBXBuildFile; fileRef = C419EA481DE95B640085A8C1 /* AppDelegate.m */; };
		C419EA4C1DE95B640085A8C1 /* ViewController.m in Sources */ = {isa = PBXBuildFile; fileRef = C419EA4B1DE95B640085A8C1 /* ViewController.m */; };
		C419EA4F1DE95B640085A8C1 /* Main.storyboard in Resources */ = {isa = PBXBuildFile; fileRef = C419EA4D1DE95B640085A8C1 /* Main.storyboard */; };
		C419EA511DE95B640085A8C1 /* Assets.xcassets in Resources */ = {isa = PBXBuildFile; fileRef = C419EA501DE95B640085A8C1 /* Assets.xcassets */; };
		C419EA541DE95B640085A8C1 /* LaunchScreen.storyboard in Resources */ = {isa = PBXBuildFile; fileRef = C419EA521DE95B640085A8C1 /* LaunchScreen.storyboard */; };
		C419EA5F1DE95B640085A8C1 /* BobRunTimeDemoTests.m in Sources */ = {isa = PBXBuildFile; fileRef = C419EA5E1DE95B640085A8C1 /* BobRunTimeDemoTests.m */; };
		C419EA6A1DE95B640085A8C1 /* BobRunTimeDemoUITests.m in Sources */ = {isa = PBXBuildFile; fileRef = C419EA691DE95B640085A8C1 /* BobRunTimeDemoUITests.m */; };
		C419EA7F1DE96BD60085A8C1 /* Bobarchive.m in Sources */ = {isa = PBXBuildFile; fileRef = C419EA7E1DE96BD60085A8C1 /* Bobarchive.m */; };
		C419EA801DE96BD60085A8C1 /* Bobarchive.m in Sources */ = {isa = PBXBuildFile; fileRef = C419EA7E1DE96BD60085A8C1 /* Bobarchive.m */; };
		C419EA811DE96BD60085A8C1 /* Bobarchive.m in Sources */ = {isa = PBXBuildFile; fileRef = C419EA7E1DE96BD60085A8C1 /* Bobarchive.m */; };
		C419EA841DE978670085A8C1 /* testModel.m in Sources */ = {isa = PBXBuildFile; fileRef = C419EA831DE978670085A8C1 /* testModel.m */; };
		C419EA851DE978670085A8C1 /* testModel.m in Sources */ = {isa = PBXBuildFile; fileRef = C419EA831DE978670085A8C1 /* testModel.m */; };
		C419EA861DE978670085A8C1 /* testModel.m in Sources */ = {isa = PBXBuildFile; fileRef = C419EA831DE978670085A8C1 /* testModel.m */; };
		C419EA8F1DE98CFD0085A8C1 /* UIGestureRecognizer+BobGestureBlock.m in Sources */ = {isa = PBXBuildFile; fileRef = C419EA8E1DE98CFD0085A8C1 /* UIGestureRecognizer+BobGestureBlock.m */; };
		C419EA901DE98CFD0085A8C1 /* UIGestureRecognizer+BobGestureBlock.m in Sources */ = {isa = PBXBuildFile; fileRef = C419EA8E1DE98CFD0085A8C1 /* UIGestureRecognizer+BobGestureBlock.m */; };
		C419EA911DE98CFD0085A8C1 /* UIGestureRecognizer+BobGestureBlock.m in Sources */ = {isa = PBXBuildFile; fileRef = C419EA8E1DE98CFD0085A8C1 /* UIGestureRecognizer+BobGestureBlock.m */; };
		C42F82811DED5D70004B52AC /* NSMutableArray+safe.m in Sources */ = {isa = PBXBuildFile; fileRef = C42F82801DED5D70004B52AC /* NSMutableArray+safe.m */; };
		C42F82821DED5D70004B52AC /* NSMutableArray+safe.m in Sources */ = {isa = PBXBuildFile; fileRef = C42F82801DED5D70004B52AC /* NSMutableArray+safe.m */; };
		C42F82831DED5D70004B52AC /* NSMutableArray+safe.m in Sources */ = {isa = PBXBuildFile; fileRef = C42F82801DED5D70004B52AC /* NSMutableArray+safe.m */; };
		C42F82861DED5F13004B52AC /* UIImageView+PlaceHolderImage.m in Sources */ = {isa = PBXBuildFile; fileRef = C42F82851DED5F13004B52AC /* UIImageView+PlaceHolderImage.m */; };
		C42F82871DED5F13004B52AC /* UIImageView+PlaceHolderImage.m in Sources */ = {isa = PBXBuildFile; fileRef = C42F82851DED5F13004B52AC /* UIImageView+PlaceHolderImage.m */; };
		C42F82881DED5F13004B52AC /* UIImageView+PlaceHolderImage.m in Sources */ = {isa = PBXBuildFile; fileRef = C42F82851DED5F13004B52AC /* UIImageView+PlaceHolderImage.m */; };
		C42F828C1DED60DA004B52AC /* UIViewController+addProperty.m in Sources */ = {isa = PBXBuildFile; fileRef = C42F828B1DED60DA004B52AC /* UIViewController+addProperty.m */; };
		C42F828D1DED60DA004B52AC /* UIViewController+addProperty.m in Sources */ = {isa = PBXBuildFile; fileRef = C42F828B1DED60DA004B52AC /* UIViewController+addProperty.m */; };
		C42F828E1DED60DA004B52AC /* UIViewController+addProperty.m in Sources */ = {isa = PBXBuildFile; fileRef = C42F828B1DED60DA004B52AC /* UIViewController+addProperty.m */; };
		C42F82921DED654D004B52AC /* Student.m in Sources */ = {isa = PBXBuildFile; fileRef = C42F82911DED654D004B52AC /* Student.m */; };
		C42F82931DED654D004B52AC /* Student.m in Sources */ = {isa = PBXBuildFile; fileRef = C42F82911DED654D004B52AC /* Student.m */; };
		C42F82941DED654D004B52AC /* Student.m in Sources */ = {isa = PBXBuildFile; fileRef = C42F82911DED654D004B52AC /* Student.m */; };
		C45A24001DED267600EA0B8F /* UIView+bgColor.m in Sources */ = {isa = PBXBuildFile; fileRef = C45A23FF1DED267600EA0B8F /* UIView+bgColor.m */; };
		C45A24011DED267600EA0B8F /* UIView+bgColor.m in Sources */ = {isa = PBXBuildFile; fileRef = C45A23FF1DED267600EA0B8F /* UIView+bgColor.m */; };
		C45A24021DED267600EA0B8F /* UIView+bgColor.m in Sources */ = {isa = PBXBuildFile; fileRef = C45A23FF1DED267600EA0B8F /* UIView+bgColor.m */; };
		C4F887C61F20A35F00E21084 /* UIAlertView+Block.m in Sources */ = {isa = PBXBuildFile; fileRef = C4F887C51F20A35F00E21084 /* UIAlertView+Block.m */; };
		C4F887C71F20A35F00E21084 /* UIAlertView+Block.m in Sources */ = {isa = PBXBuildFile; fileRef = C4F887C51F20A35F00E21084 /* UIAlertView+Block.m */; };
		C4F887C81F20A35F00E21084 /* UIAlertView+Block.m in Sources */ = {isa = PBXBuildFile; fileRef = C4F887C51F20A35F00E21084 /* UIAlertView+Block.m */; };
/* End PBXBuildFile section */

/* Begin PBXContainerItemProxy section */
		C419EA5B1DE95B640085A8C1 /* PBXContainerItemProxy */ = {
			isa = PBXContainerItemProxy;
			containerPortal = C419EA391DE95B640085A8C1 /* Project object */;
			proxyType = 1;
			remoteGlobalIDString = C419EA401DE95B640085A8C1;
			remoteInfo = BobRunTimeDemo;
		};
		C419EA661DE95B640085A8C1 /* PBXContainerItemProxy */ = {
			isa = PBXContainerItemProxy;
			containerPortal = C419EA391DE95B640085A8C1 /* Project object */;
			proxyType = 1;
			remoteGlobalIDString = C419EA401DE95B640085A8C1;
			remoteInfo = BobRunTimeDemo;
		};
/* End PBXContainerItemProxy section */

/* Begin PBXFileReference section */
		C419EA411DE95B640085A8C1 /* BobRunTimeDemo.app */ = {isa = PBXFileReference; explicitFileType = wrapper.application; includeInIndex = 0; path = BobRunTimeDemo.app; sourceTree = BUILT_PRODUCTS_DIR; };
		C419EA451DE95B640085A8C1 /* main.m */ = {isa = PBXFileReference; lastKnownFileType = sourcecode.c.objc; path = main.m; sourceTree = "<group>"; };
		C419EA471DE95B640085A8C1 /* AppDelegate.h */ = {isa = PBXFileReference; lastKnownFileType = sourcecode.c.h; path = AppDelegate.h; sourceTree = "<group>"; };
		C419EA481DE95B640085A8C1 /* AppDelegate.m */ = {isa = PBXFileReference; lastKnownFileType = sourcecode.c.objc; path = AppDelegate.m; sourceTree = "<group>"; };
		C419EA4A1DE95B640085A8C1 /* ViewController.h */ = {isa = PBXFileReference; lastKnownFileType = sourcecode.c.h; path = ViewController.h; sourceTree = "<group>"; };
		C419EA4B1DE95B640085A8C1 /* ViewController.m */ = {isa = PBXFileReference; lastKnownFileType = sourcecode.c.objc; path = ViewController.m; sourceTree = "<group>"; };
		C419EA4E1DE95B640085A8C1 /* Base */ = {isa = PBXFileReference; lastKnownFileType = file.storyboard; name = Base; path = Base.lproj/Main.storyboard; sourceTree = "<group>"; };
		C419EA501DE95B640085A8C1 /* Assets.xcassets */ = {isa = PBXFileReference; lastKnownFileType = folder.assetcatalog; path = Assets.xcassets; sourceTree = "<group>"; };
		C419EA531DE95B640085A8C1 /* Base */ = {isa = PBXFileReference; lastKnownFileType = file.storyboard; name = Base; path = Base.lproj/LaunchScreen.storyboard; sourceTree = "<group>"; };
		C419EA551DE95B640085A8C1 /* Info.plist */ = {isa = PBXFileReference; lastKnownFileType = text.plist.xml; path = Info.plist; sourceTree = "<group>"; };
		C419EA5A1DE95B640085A8C1 /* BobRunTimeDemoTests.xctest */ = {isa = PBXFileReference; explicitFileType = wrapper.cfbundle; includeInIndex = 0; path = BobRunTimeDemoTests.xctest; sourceTree = BUILT_PRODUCTS_DIR; };
		C419EA5E1DE95B640085A8C1 /* BobRunTimeDemoTests.m */ = {isa = PBXFileReference; lastKnownFileType = sourcecode.c.objc; path = BobRunTimeDemoTests.m; sourceTree = "<group>"; };
		C419EA601DE95B640085A8C1 /* Info.plist */ = {isa = PBXFileReference; lastKnownFileType = text.plist.xml; path = Info.plist; sourceTree = "<group>"; };
		C419EA651DE95B640085A8C1 /* BobRunTimeDemoUITests.xctest */ = {isa = PBXFileReference; explicitFileType = wrapper.cfbundle; includeInIndex = 0; path = BobRunTimeDemoUITests.xctest; sourceTree = BUILT_PRODUCTS_DIR; };
		C419EA691DE95B640085A8C1 /* BobRunTimeDemoUITests.m */ = {isa = PBXFileReference; lastKnownFileType = sourcecode.c.objc; path = BobRunTimeDemoUITests.m; sourceTree = "<group>"; };
		C419EA6B1DE95B640085A8C1 /* Info.plist */ = {isa = PBXFileReference; lastKnownFileType = text.plist.xml; path = Info.plist; sourceTree = "<group>"; };
		C419EA7D1DE96BD60085A8C1 /* Bobarchive.h */ = {isa = PBXFileReference; fileEncoding = 4; lastKnownFileType = sourcecode.c.h; path = Bobarchive.h; sourceTree = "<group>"; };
		C419EA7E1DE96BD60085A8C1 /* Bobarchive.m */ = {isa = PBXFileReference; fileEncoding = 4; lastKnownFileType = sourcecode.c.objc; path = Bobarchive.m; sourceTree = "<group>"; };
		C419EA821DE978670085A8C1 /* testModel.h */ = {isa = PBXFileReference; fileEncoding = 4; lastKnownFileType = sourcecode.c.h; path = testModel.h; sourceTree = "<group>"; };
		C419EA831DE978670085A8C1 /* testModel.m */ = {isa = PBXFileReference; fileEncoding = 4; lastKnownFileType = sourcecode.c.objc; path = testModel.m; sourceTree = "<group>"; };
		C419EA8D1DE98CFD0085A8C1 /* UIGestureRecognizer+BobGestureBlock.h */ = {isa = PBXFileReference; fileEncoding = 4; lastKnownFileType = sourcecode.c.h; path = "UIGestureRecognizer+BobGestureBlock.h"; sourceTree = "<group>"; };
		C419EA8E1DE98CFD0085A8C1 /* UIGestureRecognizer+BobGestureBlock.m */ = {isa = PBXFileReference; fileEncoding = 4; lastKnownFileType = sourcecode.c.objc; path = "UIGestureRecognizer+BobGestureBlock.m"; sourceTree = "<group>"; };
		C42F827F1DED5D70004B52AC /* NSMutableArray+safe.h */ = {isa = PBXFileReference; fileEncoding = 4; lastKnownFileType = sourcecode.c.h; path = "NSMutableArray+safe.h"; sourceTree = "<group>"; };
		C42F82801DED5D70004B52AC /* NSMutableArray+safe.m */ = {isa = PBXFileReference; fileEncoding = 4; lastKnownFileType = sourcecode.c.objc; path = "NSMutableArray+safe.m"; sourceTree = "<group>"; };
		C42F82841DED5F13004B52AC /* UIImageView+PlaceHolderImage.h */ = {isa = PBXFileReference; fileEncoding = 4; lastKnownFileType = sourcecode.c.h; path = "UIImageView+PlaceHolderImage.h"; sourceTree = "<group>"; };
		C42F82851DED5F13004B52AC /* UIImageView+PlaceHolderImage.m */ = {isa = PBXFileReference; fileEncoding = 4; lastKnownFileType = sourcecode.c.objc; path = "UIImageView+PlaceHolderImage.m"; sourceTree = "<group>"; };
		C42F828A1DED60DA004B52AC /* UIViewController+addProperty.h */ = {isa = PBXFileReference; fileEncoding = 4; lastKnownFileType = sourcecode.c.h; path = "UIViewController+addProperty.h"; sourceTree = "<group>"; };
		C42F828B1DED60DA004B52AC /* UIViewController+addProperty.m */ = {isa = PBXFileReference; fileEncoding = 4; lastKnownFileType = sourcecode.c.objc; path = "UIViewController+addProperty.m"; sourceTree = "<group>"; };
		C42F82901DED654D004B52AC /* Student.h */ = {isa = PBXFileReference; fileEncoding = 4; lastKnownFileType = sourcecode.c.h; path = Student.h; sourceTree = "<group>"; };
		C42F82911DED654D004B52AC /* Student.m */ = {isa = PBXFileReference; fileEncoding = 4; lastKnownFileType = sourcecode.c.objc; path = Student.m; sourceTree = "<group>"; };
		C45A23FE1DED267600EA0B8F /* UIView+bgColor.h */ = {isa = PBXFileReference; fileEncoding = 4; lastKnownFileType = sourcecode.c.h; path = "UIView+bgColor.h"; sourceTree = "<group>"; };
		C45A23FF1DED267600EA0B8F /* UIView+bgColor.m */ = {isa = PBXFileReference; fileEncoding = 4; lastKnownFileType = sourcecode.c.objc; path = "UIView+bgColor.m"; sourceTree = "<group>"; };
		C4F887C41F20A35F00E21084 /* UIAlertView+Block.h */ = {isa = PBXFileReference; fileEncoding = 4; lastKnownFileType = sourcecode.c.h; path = "UIAlertView+Block.h"; sourceTree = "<group>"; };
		C4F887C51F20A35F00E21084 /* UIAlertView+Block.m */ = {isa = PBXFileReference; fileEncoding = 4; lastKnownFileType = sourcecode.c.objc; path = "UIAlertView+Block.m"; sourceTree = "<group>"; };
/* End PBXFileReference section */

/* Begin PBXFrameworksBuildPhase section */
		C419EA3E1DE95B640085A8C1 /* Frameworks */ = {
			isa = PBXFrameworksBuildPhase;
			buildActionMask = 2147483647;
			files = (
			);
			runOnlyForDeploymentPostprocessing = 0;
		};
		C419EA571DE95B640085A8C1 /* Frameworks */ = {
			isa = PBXFrameworksBuildPhase;
			buildActionMask = 2147483647;
			files = (
			);
			runOnlyForDeploymentPostprocessing = 0;
		};
		C419EA621DE95B640085A8C1 /* Frameworks */ = {
			isa = PBXFrameworksBuildPhase;
			buildActionMask = 2147483647;
			files = (
			);
			runOnlyForDeploymentPostprocessing = 0;
		};
/* End PBXFrameworksBuildPhase section */

/* Begin PBXGroup section */
		C419EA381DE95B640085A8C1 = {
			isa = PBXGroup;
			children = (
				C419EA431DE95B640085A8C1 /* BobRunTimeDemo */,
				C419EA5D1DE95B640085A8C1 /* BobRunTimeDemoTests */,
				C419EA681DE95B640085A8C1 /* BobRunTimeDemoUITests */,
				C419EA421DE95B640085A8C1 /* Products */,
			);
			sourceTree = "<group>";
		};
		C419EA421DE95B640085A8C1 /* Products */ = {
			isa = PBXGroup;
			children = (
				C419EA411DE95B640085A8C1 /* BobRunTimeDemo.app */,
				C419EA5A1DE95B640085A8C1 /* BobRunTimeDemoTests.xctest */,
				C419EA651DE95B640085A8C1 /* BobRunTimeDemoUITests.xctest */,
			);
			name = Products;
			sourceTree = "<group>";
		};
		C419EA431DE95B640085A8C1 /* BobRunTimeDemo */ = {
			isa = PBXGroup;
			children = (
				C42F828F1DED6470004B52AC /* 动态添加方法 */,
				C42F82891DED6021004B52AC /* 关联对象 */,
				C48ABEF81DEC336F00E9412E /* 方法交换 */,
				C419EA871DE985D10085A8C1 /* Block回调 */,
				C419EA7C1DE96B550085A8C1 /* 归档解档 */,
				C419EA471DE95B640085A8C1 /* AppDelegate.h */,
				C419EA481DE95B640085A8C1 /* AppDelegate.m */,
				C419EA4A1DE95B640085A8C1 /* ViewController.h */,
				C419EA4B1DE95B640085A8C1 /* ViewController.m */,
				C419EA4D1DE95B640085A8C1 /* Main.storyboard */,
				C419EA501DE95B640085A8C1 /* Assets.xcassets */,
				C419EA521DE95B640085A8C1 /* LaunchScreen.storyboard */,
				C419EA551DE95B640085A8C1 /* Info.plist */,
				C419EA441DE95B640085A8C1 /* Supporting Files */,
			);
			path = BobRunTimeDemo;
			sourceTree = "<group>";
		};
		C419EA441DE95B640085A8C1 /* Supporting Files */ = {
			isa = PBXGroup;
			children = (
				C419EA451DE95B640085A8C1 /* main.m */,
			);
			name = "Supporting Files";
			sourceTree = "<group>";
		};
		C419EA5D1DE95B640085A8C1 /* BobRunTimeDemoTests */ = {
			isa = PBXGroup;
			children = (
				C419EA5E1DE95B640085A8C1 /* BobRunTimeDemoTests.m */,
				C419EA601DE95B640085A8C1 /* Info.plist */,
			);
			path = BobRunTimeDemoTests;
			sourceTree = "<group>";
		};
		C419EA681DE95B640085A8C1 /* BobRunTimeDemoUITests */ = {
			isa = PBXGroup;
			children = (
				C419EA691DE95B640085A8C1 /* BobRunTimeDemoUITests.m */,
				C419EA6B1DE95B640085A8C1 /* Info.plist */,
			);
			path = BobRunTimeDemoUITests;
			sourceTree = "<group>";
		};
		C419EA7C1DE96B550085A8C1 /* 归档解档 */ = {
			isa = PBXGroup;
			children = (
				C419EA7D1DE96BD60085A8C1 /* Bobarchive.h */,
				C419EA7E1DE96BD60085A8C1 /* Bobarchive.m */,
				C419EA821DE978670085A8C1 /* testModel.h */,
				C419EA831DE978670085A8C1 /* testModel.m */,
			);
			name = "归档解档";
			sourceTree = "<group>";
		};
		C419EA871DE985D10085A8C1 /* Block回调 */ = {
			isa = PBXGroup;
			children = (
				C419EA8D1DE98CFD0085A8C1 /* UIGestureRecognizer+BobGestureBlock.h */,
				C419EA8E1DE98CFD0085A8C1 /* UIGestureRecognizer+BobGestureBlock.m */,
				C4F887C41F20A35F00E21084 /* UIAlertView+Block.h */,
				C4F887C51F20A35F00E21084 /* UIAlertView+Block.m */,
			);
			name = "Block回调";
			sourceTree = "<group>";
		};
		C42F82891DED6021004B52AC /* 关联对象 */ = {
			isa = PBXGroup;
			children = (
				C42F828A1DED60DA004B52AC /* UIViewController+addProperty.h */,
				C42F828B1DED60DA004B52AC /* UIViewController+addProperty.m */,
			);
			name = "关联对象";
			sourceTree = "<group>";
		};
		C42F828F1DED6470004B52AC /* 动态添加方法 */ = {
			isa = PBXGroup;
			children = (
				C42F82901DED654D004B52AC /* Student.h */,
				C42F82911DED654D004B52AC /* Student.m */,
			);
			name = "动态添加方法";
			sourceTree = "<group>";
		};
		C48ABEF81DEC336F00E9412E /* 方法交换 */ = {
			isa = PBXGroup;
			children = (
				C45A23FE1DED267600EA0B8F /* UIView+bgColor.h */,
				C45A23FF1DED267600EA0B8F /* UIView+bgColor.m */,
				C42F827F1DED5D70004B52AC /* NSMutableArray+safe.h */,
				C42F82801DED5D70004B52AC /* NSMutableArray+safe.m */,
				C42F82841DED5F13004B52AC /* UIImageView+PlaceHolderImage.h */,
				C42F82851DED5F13004B52AC /* UIImageView+PlaceHolderImage.m */,
			);
			name = "方法交换";
			sourceTree = "<group>";
		};
/* End PBXGroup section */

/* Begin PBXNativeTarget section */
		C419EA401DE95B640085A8C1 /* BobRunTimeDemo */ = {
			isa = PBXNativeTarget;
			buildConfigurationList = C419EA6E1DE95B640085A8C1 /* Build configuration list for PBXNativeTarget "BobRunTimeDemo" */;
			buildPhases = (
				C419EA3D1DE95B640085A8C1 /* Sources */,
				C419EA3E1DE95B640085A8C1 /* Frameworks */,
				C419EA3F1DE95B640085A8C1 /* Resources */,
			);
			buildRules = (
			);
			dependencies = (
			);
			name = BobRunTimeDemo;
			productName = BobRunTimeDemo;
			productReference = C419EA411DE95B640085A8C1 /* BobRunTimeDemo.app */;
			productType = "com.apple.product-type.application";
		};
		C419EA591DE95B640085A8C1 /* BobRunTimeDemoTests */ = {
			isa = PBXNativeTarget;
			buildConfigurationList = C419EA711DE95B640085A8C1 /* Build configuration list for PBXNativeTarget "BobRunTimeDemoTests" */;
			buildPhases = (
				C419EA561DE95B640085A8C1 /* Sources */,
				C419EA571DE95B640085A8C1 /* Frameworks */,
				C419EA581DE95B640085A8C1 /* Resources */,
			);
			buildRules = (
			);
			dependencies = (
				C419EA5C1DE95B640085A8C1 /* PBXTargetDependency */,
			);
			name = BobRunTimeDemoTests;
			productName = BobRunTimeDemoTests;
			productReference = C419EA5A1DE95B640085A8C1 /* BobRunTimeDemoTests.xctest */;
			productType = "com.apple.product-type.bundle.unit-test";
		};
		C419EA641DE95B640085A8C1 /* BobRunTimeDemoUITests */ = {
			isa = PBXNativeTarget;
			buildConfigurationList = C419EA741DE95B640085A8C1 /* Build configuration list for PBXNativeTarget "BobRunTimeDemoUITests" */;
			buildPhases = (
				C419EA611DE95B640085A8C1 /* Sources */,
				C419EA621DE95B640085A8C1 /* Frameworks */,
				C419EA631DE95B640085A8C1 /* Resources */,
			);
			buildRules = (
			);
			dependencies = (
				C419EA671DE95B640085A8C1 /* PBXTargetDependency */,
			);
			name = BobRunTimeDemoUITests;
			productName = BobRunTimeDemoUITests;
			productReference = C419EA651DE95B640085A8C1 /* BobRunTimeDemoUITests.xctest */;
			productType = "com.apple.product-type.bundle.ui-testing";
		};
/* End PBXNativeTarget section */

/* Begin PBXProject section */
		C419EA391DE95B640085A8C1 /* Project object */ = {
			isa = PBXProject;
			attributes = {
				LastUpgradeCheck = 0730;
				ORGANIZATIONNAME = bob;
				TargetAttributes = {
					C419EA401DE95B640085A8C1 = {
						CreatedOnToolsVersion = 7.3.1;
					};
					C419EA591DE95B640085A8C1 = {
						CreatedOnToolsVersion = 7.3.1;
						TestTargetID = C419EA401DE95B640085A8C1;
					};
					C419EA641DE95B640085A8C1 = {
						CreatedOnToolsVersion = 7.3.1;
						TestTargetID = C419EA401DE95B640085A8C1;
					};
				};
			};
			buildConfigurationList = C419EA3C1DE95B640085A8C1 /* Build configuration list for PBXProject "BobRunTimeDemo" */;
			compatibilityVersion = "Xcode 3.2";
			developmentRegion = English;
			hasScannedForEncodings = 0;
			knownRegions = (
				en,
				Base,
			);
			mainGroup = C419EA381DE95B640085A8C1;
			productRefGroup = C419EA421DE95B640085A8C1 /* Products */;
			projectDirPath = "";
			projectRoot = "";
			targets = (
				C419EA401DE95B640085A8C1 /* BobRunTimeDemo */,
				C419EA591DE95B640085A8C1 /* BobRunTimeDemoTests */,
				C419EA641DE95B640085A8C1 /* BobRunTimeDemoUITests */,
			);
		};
/* End PBXProject section */

/* Begin PBXResourcesBuildPhase section */
		C419EA3F1DE95B640085A8C1 /* Resources */ = {
			isa = PBXResourcesBuildPhase;
			buildActionMask = 2147483647;
			files = (
				C419EA541DE95B640085A8C1 /* LaunchScreen.storyboard in Resources */,
				C419EA511DE95B640085A8C1 /* Assets.xcassets in Resources */,
				C419EA4F1DE95B640085A8C1 /* Main.storyboard in Resources */,
			);
			runOnlyForDeploymentPostprocessing = 0;
		};
		C419EA581DE95B640085A8C1 /* Resources */ = {
			isa = PBXResourcesBuildPhase;
			buildActionMask = 2147483647;
			files = (
			);
			runOnlyForDeploymentPostprocessing = 0;
		};
		C419EA631DE95B640085A8C1 /* Resources */ = {
			isa = PBXResourcesBuildPhase;
			buildActionMask = 2147483647;
			files = (
			);
			runOnlyForDeploymentPostprocessing = 0;
		};
/* End PBXResourcesBuildPhase section */

/* Begin PBXSourcesBuildPhase section */
		C419EA3D1DE95B640085A8C1 /* Sources */ = {
			isa = PBXSourcesBuildPhase;
			buildActionMask = 2147483647;
			files = (
				C42F82921DED654D004B52AC /* Student.m in Sources */,
				C419EA841DE978670085A8C1 /* testModel.m in Sources */,
				C42F828C1DED60DA004B52AC /* UIViewController+addProperty.m in Sources */,
				C419EA8F1DE98CFD0085A8C1 /* UIGestureRecognizer+BobGestureBlock.m in Sources */,
				C42F82861DED5F13004B52AC /* UIImageView+PlaceHolderImage.m in Sources */,
				C42F82811DED5D70004B52AC /* NSMutableArray+safe.m in Sources */,
				C419EA7F1DE96BD60085A8C1 /* Bobarchive.m in Sources */,
				C419EA4C1DE95B640085A8C1 /* ViewController.m in Sources */,
				C419EA491DE95B640085A8C1 /* AppDelegate.m in Sources */,
				C4F887C61F20A35F00E21084 /* UIAlertView+Block.m in Sources */,
				C419EA461DE95B640085A8C1 /* main.m in Sources */,
				C45A24001DED267600EA0B8F /* UIView+bgColor.m in Sources */,
			);
			runOnlyForDeploymentPostprocessing = 0;
		};
		C419EA561DE95B640085A8C1 /* Sources */ = {
			isa = PBXSourcesBuildPhase;
			buildActionMask = 2147483647;
			files = (
				C419EA851DE978670085A8C1 /* testModel.m in Sources */,
				C419EA801DE96BD60085A8C1 /* Bobarchive.m in Sources */,
				C419EA5F1DE95B640085A8C1 /* BobRunTimeDemoTests.m in Sources */,
				C42F82821DED5D70004B52AC /* NSMutableArray+safe.m in Sources */,
				C42F82871DED5F13004B52AC /* UIImageView+PlaceHolderImage.m in Sources */,
				C419EA901DE98CFD0085A8C1 /* UIGestureRecognizer+BobGestureBlock.m in Sources */,
				C45A24011DED267600EA0B8F /* UIView+bgColor.m in Sources */,
				C4F887C71F20A35F00E21084 /* UIAlertView+Block.m in Sources */,
				C42F828D1DED60DA004B52AC /* UIViewController+addProperty.m in Sources */,
				C42F82931DED654D004B52AC /* Student.m in Sources */,
			);
			runOnlyForDeploymentPostprocessing = 0;
		};
		C419EA611DE95B640085A8C1 /* Sources */ = {
			isa = PBXSourcesBuildPhase;
			buildActionMask = 2147483647;
			files = (
				C419EA861DE978670085A8C1 /* testModel.m in Sources */,
				C419EA811DE96BD60085A8C1 /* Bobarchive.m in Sources */,
				C419EA6A1DE95B640085A8C1 /* BobRunTimeDemoUITests.m in Sources */,
				C42F82831DED5D70004B52AC /* NSMutableArray+safe.m in Sources */,
				C42F82881DED5F13004B52AC /* UIImageView+PlaceHolderImage.m in Sources */,
				C419EA911DE98CFD0085A8C1 /* UIGestureRecognizer+BobGestureBlock.m in Sources */,
				C45A24021DED267600EA0B8F /* UIView+bgColor.m in Sources */,
				C4F887C81F20A35F00E21084 /* UIAlertView+Block.m in Sources */,
				C42F828E1DED60DA004B52AC /* UIViewController+addProperty.m in Sources */,
				C42F82941DED654D004B52AC /* Student.m in Sources */,
			);
			runOnlyForDeploymentPostprocessing = 0;
		};
/* End PBXSourcesBuildPhase section */

/* Begin PBXTargetDependency section */
		C419EA5C1DE95B640085A8C1 /* PBXTargetDependency */ = {
			isa = PBXTargetDependency;
			target = C419EA401DE95B640085A8C1 /* BobRunTimeDemo */;
			targetProxy = C419EA5B1DE95B640085A8C1 /* PBXContainerItemProxy */;
		};
		C419EA671DE95B640085A8C1 /* PBXTargetDependency */ = {
			isa = PBXTargetDependency;
			target = C419EA401DE95B640085A8C1 /* BobRunTimeDemo */;
			targetProxy = C419EA661DE95B640085A8C1 /* PBXContainerItemProxy */;
		};
/* End PBXTargetDependency section */

/* Begin PBXVariantGroup section */
		C419EA4D1DE95B640085A8C1 /* Main.storyboard */ = {
			isa = PBXVariantGroup;
			children = (
				C419EA4E1DE95B640085A8C1 /* Base */,
			);
			name = Main.storyboard;
			sourceTree = "<group>";
		};
		C419EA521DE95B640085A8C1 /* LaunchScreen.storyboard */ = {
			isa = PBXVariantGroup;
			children = (
				C419EA531DE95B640085A8C1 /* Base */,
			);
			name = LaunchScreen.storyboard;
			sourceTree = "<group>";
		};
/* End PBXVariantGroup section */

/* Begin XCBuildConfiguration section */
		C419EA6C1DE95B640085A8C1 /* Debug */ = {
			isa = XCBuildConfiguration;
			buildSettings = {
				ALWAYS_SEARCH_USER_PATHS = NO;
				CLANG_ANALYZER_NONNULL = YES;
				CLANG_CXX_LANGUAGE_STANDARD = "gnu++0x";
				CLANG_CXX_LIBRARY = "libc++";
				CLANG_ENABLE_MODULES = YES;
				CLANG_ENABLE_OBJC_ARC = YES;
				CLANG_WARN_BOOL_CONVERSION = YES;
				CLANG_WARN_CONSTANT_CONVERSION = YES;
				CLANG_WARN_DIRECT_OBJC_ISA_USAGE = YES_ERROR;
				CLANG_WARN_EMPTY_BODY = YES;
				CLANG_WARN_ENUM_CONVERSION = YES;
				CLANG_WARN_INT_CONVERSION = YES;
				CLANG_WARN_OBJC_ROOT_CLASS = YES_ERROR;
				CLANG_WARN_UNREACHABLE_CODE = YES;
				CLANG_WARN__DUPLICATE_METHOD_MATCH = YES;
				"CODE_SIGN_IDENTITY[sdk=iphoneos*]" = "iPhone Developer";
				COPY_PHASE_STRIP = NO;
				DEBUG_INFORMATION_FORMAT = dwarf;
				ENABLE_STRICT_OBJC_MSGSEND = YES;
				ENABLE_TESTABILITY = YES;
				GCC_C_LANGUAGE_STANDARD = gnu99;
				GCC_DYNAMIC_NO_PIC = NO;
				GCC_NO_COMMON_BLOCKS = YES;
				GCC_OPTIMIZATION_LEVEL = 0;
				GCC_PREPROCESSOR_DEFINITIONS = (
					"DEBUG=1",
					"$(inherited)",
				);
				GCC_WARN_64_TO_32_BIT_CONVERSION = YES;
				GCC_WARN_ABOUT_RETURN_TYPE = YES_ERROR;
				GCC_WARN_UNDECLARED_SELECTOR = YES;
				GCC_WARN_UNINITIALIZED_AUTOS = YES_AGGRESSIVE;
				GCC_WARN_UNUSED_FUNCTION = YES;
				GCC_WARN_UNUSED_VARIABLE = YES;
				IPHONEOS_DEPLOYMENT_TARGET = 9.3;
				MTL_ENABLE_DEBUG_INFO = YES;
				ONLY_ACTIVE_ARCH = YES;
				SDKROOT = iphoneos;
			};
			name = Debug;
		};
		C419EA6D1DE95B640085A8C1 /* Release */ = {
			isa = XCBuildConfiguration;
			buildSettings = {
				ALWAYS_SEARCH_USER_PATHS = NO;
				CLANG_ANALYZER_NONNULL = YES;
				CLANG_CXX_LANGUAGE_STANDARD = "gnu++0x";
				CLANG_CXX_LIBRARY = "libc++";
				CLANG_ENABLE_MODULES = YES;
				CLANG_ENABLE_OBJC_ARC = YES;
				CLANG_WARN_BOOL_CONVERSION = YES;
				CLANG_WARN_CONSTANT_CONVERSION = YES;
				CLANG_WARN_DIRECT_OBJC_ISA_USAGE = YES_ERROR;
				CLANG_WARN_EMPTY_BODY = YES;
				CLANG_WARN_ENUM_CONVERSION = YES;
				CLANG_WARN_INT_CONVERSION = YES;
				CLANG_WARN_OBJC_ROOT_CLASS = YES_ERROR;
				CLANG_WARN_UNREACHABLE_CODE = YES;
				CLANG_WARN__DUPLICATE_METHOD_MATCH = YES;
				"CODE_SIGN_IDENTITY[sdk=iphoneos*]" = "iPhone Developer";
				COPY_PHASE_STRIP = NO;
				DEBUG_INFORMATION_FORMAT = "dwarf-with-dsym";
				ENABLE_NS_ASSERTIONS = NO;
				ENABLE_STRICT_OBJC_MSGSEND = YES;
				GCC_C_LANGUAGE_STANDARD = gnu99;
				GCC_NO_COMMON_BLOCKS = YES;
				GCC_WARN_64_TO_32_BIT_CONVERSION = YES;
				GCC_WARN_ABOUT_RETURN_TYPE = YES_ERROR;
				GCC_WARN_UNDECLARED_SELECTOR = YES;
				GCC_WARN_UNINITIALIZED_AUTOS = YES_AGGRESSIVE;
				GCC_WARN_UNUSED_FUNCTION = YES;
				GCC_WARN_UNUSED_VARIABLE = YES;
				IPHONEOS_DEPLOYMENT_TARGET = 9.3;
				MTL_ENABLE_DEBUG_INFO = NO;
				SDKROOT = iphoneos;
				VALIDATE_PRODUCT = YES;
			};
			name = Release;
		};
		C419EA6F1DE95B640085A8C1 /* Debug */ = {
			isa = XCBuildConfiguration;
			buildSettings = {
				ASSETCATALOG_COMPILER_APPICON_NAME = AppIcon;
				INFOPLIST_FILE = BobRunTimeDemo/Info.plist;
				LD_RUNPATH_SEARCH_PATHS = "$(inherited) @executable_path/Frameworks";
				PRODUCT_BUNDLE_IDENTIFIER = ad.BobRunTimeDemo;
				PRODUCT_NAME = "$(TARGET_NAME)";
			};
			name = Debug;
		};
		C419EA701DE95B640085A8C1 /* Release */ = {
			isa = XCBuildConfiguration;
			buildSettings = {
				ASSETCATALOG_COMPILER_APPICON_NAME = AppIcon;
				INFOPLIST_FILE = BobRunTimeDemo/Info.plist;
				LD_RUNPATH_SEARCH_PATHS = "$(inherited) @executable_path/Frameworks";
				PRODUCT_BUNDLE_IDENTIFIER = ad.BobRunTimeDemo;
				PRODUCT_NAME = "$(TARGET_NAME)";
			};
			name = Release;
		};
		C419EA721DE95B640085A8C1 /* Debug */ = {
			isa = XCBuildConfiguration;
			buildSettings = {
				BUNDLE_LOADER = "$(TEST_HOST)";
				INFOPLIST_FILE = BobRunTimeDemoTests/Info.plist;
				LD_RUNPATH_SEARCH_PATHS = "$(inherited) @executable_path/Frameworks @loader_path/Frameworks";
				PRODUCT_BUNDLE_IDENTIFIER = ad.BobRunTimeDemoTests;
				PRODUCT_NAME = "$(TARGET_NAME)";
				TEST_HOST = "$(BUILT_PRODUCTS_DIR)/BobRunTimeDemo.app/BobRunTimeDemo";
			};
			name = Debug;
		};
		C419EA731DE95B640085A8C1 /* Release */ = {
			isa = XCBuildConfiguration;
			buildSettings = {
				BUNDLE_LOADER = "$(TEST_HOST)";
				INFOPLIST_FILE = BobRunTimeDemoTests/Info.plist;
				LD_RUNPATH_SEARCH_PATHS = "$(inherited) @executable_path/Frameworks @loader_path/Frameworks";
				PRODUCT_BUNDLE_IDENTIFIER = ad.BobRunTimeDemoTests;
				PRODUCT_NAME = "$(TARGET_NAME)";
				TEST_HOST = "$(BUILT_PRODUCTS_DIR)/BobRunTimeDemo.app/BobRunTimeDemo";
			};
			name = Release;
		};
		C419EA751DE95B640085A8C1 /* Debug */ = {
			isa = XCBuildConfiguration;
			buildSettings = {
				INFOPLIST_FILE = BobRunTimeDemoUITests/Info.plist;
				LD_RUNPATH_SEARCH_PATHS = "$(inherited) @executable_path/Frameworks @loader_path/Frameworks";
				PRODUCT_BUNDLE_IDENTIFIER = ad.BobRunTimeDemoUITests;
				PRODUCT_NAME = "$(TARGET_NAME)";
				TEST_TARGET_NAME = BobRunTimeDemo;
			};
			name = Debug;
		};
		C419EA761DE95B640085A8C1 /* Release */ = {
			isa = XCBuildConfiguration;
			buildSettings = {
				INFOPLIST_FILE = BobRunTimeDemoUITests/Info.plist;
				LD_RUNPATH_SEARCH_PATHS = "$(inherited) @executable_path/Frameworks @loader_path/Frameworks";
				PRODUCT_BUNDLE_IDENTIFIER = ad.BobRunTimeDemoUITests;
				PRODUCT_NAME = "$(TARGET_NAME)";
				TEST_TARGET_NAME = BobRunTimeDemo;
			};
			name = Release;
		};
/* End XCBuildConfiguration section */

/* Begin XCConfigurationList section */
		C419EA3C1DE95B640085A8C1 /* Build configuration list for PBXProject "BobRunTimeDemo" */ = {
			isa = XCConfigurationList;
			buildConfigurations = (
				C419EA6C1DE95B640085A8C1 /* Debug */,
				C419EA6D1DE95B640085A8C1 /* Release */,
			);
			defaultConfigurationIsVisible = 0;
			defaultConfigurationName = Release;
		};
		C419EA6E1DE95B640085A8C1 /* Build configuration list for PBXNativeTarget "BobRunTimeDemo" */ = {
			isa = XCConfigurationList;
			buildConfigurations = (
				C419EA6F1DE95B640085A8C1 /* Debug */,
				C419EA701DE95B640085A8C1 /* Release */,
			);
			defaultConfigurationIsVisible = 0;
			defaultConfigurationName = Release;
		};
		C419EA711DE95B640085A8C1 /* Build configuration list for PBXNativeTarget "BobRunTimeDemoTests" */ = {
			isa = XCConfigurationList;
			buildConfigurations = (
				C419EA721DE95B640085A8C1 /* Debug */,
				C419EA731DE95B640085A8C1 /* Release */,
			);
			defaultConfigurationIsVisible = 0;
			defaultConfigurationName = Release;
		};
		C419EA741DE95B640085A8C1 /* Build configuration list for PBXNativeTarget "BobRunTimeDemoUITests" */ = {
			isa = XCConfigurationList;
			buildConfigurations = (
				C419EA751DE95B640085A8C1 /* Debug */,
				C419EA761DE95B640085A8C1 /* Release */,
			);
			defaultConfigurationIsVisible = 0;
			defaultConfigurationName = Release;
		};
/* End XCConfigurationList section */
	};
	rootObject = C419EA391DE95B640085A8C1 /* Project object */;
}
